
Microsoft Visual Studio Solution File, Format Version 12.00
# Visual Studio Version 17
VisualStudioVersion = 17.2.32516.85
MinimumVisualStudioVersion = 10.0.40219.1
Project("{FAE04EC0-301F-11D3-BF4B-00C04F79EFBC}") = "Task1", "Task1\Task1.csproj", "{1698F249-0092-4664-A659-040C2B17226F}"
EndProject
Project("{FAE04EC0-301F-11D3-BF4B-00C04F79EFBC}") = "Task2", "Task2\Task2.csproj", "{E047A86B-4332-4AED-89CF-E927ACEAE222}"
EndProject
Global
	GlobalSection(SolutionConfigurationPlatforms) = preSolution
		Debug|Any CPU = Debug|Any CPU
		Release|Any CPU = Release|Any CPU
	EndGlobalSection
	GlobalSection(ProjectConfigurationPlatforms) = postSolution
		{1698F249-0092-4664-A659-040C2B17226F}.Debug|Any CPU.ActiveCfg = Debug|Any CPU
		{1698F249-0092-4664-A659-040C2B17226F}.Debug|Any CPU.Build.0 = Debug|Any CPU
		{1698F249-0092-4664-A659-040C2B17226F}.Release|Any CPU.ActiveCfg = Release|Any CPU
		{1698F249-0092-4664-A659-040C2B17226F}.Release|Any CPU.Build.0 = Release|Any CPU
		{E047A86B-4332-4AED-89CF-E927ACEAE222}.Debug|Any CPU.ActiveCfg = Debug|Any CPU
		{E047A86B-4332-4AED-89CF-E927ACEAE222}.Debug|Any CPU.Build.0 = Debug|Any CPU
		{E047A86B-4332-4AED-89CF-E927ACEAE222}.Release|Any CPU.ActiveCfg = Release|Any CPU
		{E047A86B-4332-4AED-89CF-E927ACEAE222}.Release|Any CPU.Build.0 = Release|Any CPU
	EndGlobalSection
	GlobalSection(SolutionProperties) = preSolution
		HideSolutionNode = FALSE
	EndGlobalSection
	GlobalSection(ExtensibilityGlobals) = postSolution
		SolutionGuid = {C0942752-FD77-4CC5-97DB-C2634DC6D9EC}
	EndGlobalSection
EndGlobal
